
Microsoft Visual Studio Solution File, Format Version 12.00
# Visual Studio Version 17
VisualStudioVersion = 17.8.34408.163
MinimumVisualStudioVersion = 10.0.40219.1
Project("{8BC9CEB8-8B4A-11D0-8D11-00A0C91BC942}") = "meshes stuff", "meshes stuff.vcxproj", "{C2627881-C890-4ADF-8E63-25196CB9E78B}"
EndProject
Global
	GlobalSection(SolutionConfigurationPlatforms) = preSolution
		Debug|x64 = Debug|x64
		Debug|x86 = Debug|x86
		Release|x64 = Release|x64
		Release|x86 = Release|x86
	EndGlobalSection
	GlobalSection(ProjectConfigurationPlatforms) = postSolution
		{C2627881-C890-4ADF-8E63-25196CB9E78B}.Debug|x64.ActiveCfg = Debug|x64
		{C2627881-C890-4ADF-8E63-25196CB9E78B}.Debug|x64.Build.0 = Debug|x64
		{C2627881-C890-4ADF-8E63-25196CB9E78B}.Debug|x86.ActiveCfg = Debug|Win32
		{C2627881-C890-4ADF-8E63-25196CB9E78B}.Debug|x86.Build.0 = Debug|Win32
		{C2627881-C890-4ADF-8E63-25196CB9E78B}.Release|x64.ActiveCfg = Release|x64
		{C2627881-C890-4ADF-8E63-25196CB9E78B}.Release|x64.Build.0 = Release|x64
		{C2627881-C890-4ADF-8E63-25196CB9E78B}.Release|x86.ActiveCfg = Release|Win32
		{C2627881-C890-4ADF-8E63-25196CB9E78B}.Release|x86.Build.0 = Release|Win32
	EndGlobalSection
	GlobalSection(SolutionProperties) = preSolution
		HideSolutionNode = FALSE
	EndGlobalSection
	GlobalSection(ExtensibilityGlobals) = postSolution
		SolutionGuid = {1662113C-D585-4607-AB19-27F6E17D8DED}
	EndGlobalSection
EndGlobal
